
Microsoft Visual Studio Solution File, Format Version 12.00
# Visual Studio Version 16
VisualStudioVersion = 16.0.33027.164
MinimumVisualStudioVersion = 10.0.40219.1
Project("{FAE04EC0-301F-11D3-BF4B-00C04F79EFBC}") = "MyFirstProgram", "MyFirstProgram\MyFirstProgram.csproj", "{8F46105A-7BB2-487B-96A0-040EDEFFF4B0}"
EndProject
Global
	GlobalSection(SolutionConfigurationPlatforms) = preSolution
		Debug|Any CPU = Debug|Any CPU
		Release|Any CPU = Release|Any CPU
	EndGlobalSection
	GlobalSection(ProjectConfigurationPlatforms) = postSolution
		{8F46105A-7BB2-487B-96A0-040EDEFFF4B0}.Debug|Any CPU.ActiveCfg = Debug|Any CPU
		{8F46105A-7BB2-487B-96A0-040EDEFFF4B0}.Debug|Any CPU.Build.0 = Debug|Any CPU
		{8F46105A-7BB2-487B-96A0-040EDEFFF4B0}.Release|Any CPU.ActiveCfg = Release|Any CPU
		{8F46105A-7BB2-487B-96A0-040EDEFFF4B0}.Release|Any CPU.Build.0 = Release|Any CPU
	EndGlobalSection
	GlobalSection(SolutionProperties) = preSolution
		HideSolutionNode = FALSE
	EndGlobalSection
	GlobalSection(ExtensibilityGlobals) = postSolution
		SolutionGuid = {6A3A9086-808B-4F08-9CDC-E89B8E90C1AE}
	EndGlobalSection
EndGlobal
